
Microsoft Visual Studio Solution File, Format Version 12.00
# Visual Studio Version 17
VisualStudioVersion = 17.0.31903.59
MinimumVisualStudioVersion = 10.0.40219.1
Project("{FAE04EC0-301F-11D3-BF4B-00C04F79EFBC}") = "Gruppo3.ClientiDTO.Domain", "Gruppo3.ClientiDTO.Domain\Gruppo3.ClientiDTO.Domain.csproj", "{DC5591A1-3BE0-4953-A909-9197B24A238E}"
EndProject
Global
	GlobalSection(SolutionConfigurationPlatforms) = preSolution
		Debug|Any CPU = Debug|Any CPU
		Release|Any CPU = Release|Any CPU
	EndGlobalSection
	GlobalSection(ProjectConfigurationPlatforms) = postSolution
		{DC5591A1-3BE0-4953-A909-9197B24A238E}.Debug|Any CPU.ActiveCfg = Debug|Any CPU
		{DC5591A1-3BE0-4953-A909-9197B24A238E}.Debug|Any CPU.Build.0 = Debug|Any CPU
		{DC5591A1-3BE0-4953-A909-9197B24A238E}.Release|Any CPU.ActiveCfg = Release|Any CPU
		{DC5591A1-3BE0-4953-A909-9197B24A238E}.Release|Any CPU.Build.0 = Release|Any CPU
	EndGlobalSection
	GlobalSection(SolutionProperties) = preSolution
		HideSolutionNode = FALSE
	EndGlobalSection
	GlobalSection(ExtensibilityGlobals) = postSolution
		SolutionGuid = {1B6C6256-3292-4AA4-A5F3-51BF82568F91}
	EndGlobalSection
EndGlobal
